
Microsoft Visual Studio Solution File, Format Version 12.00
# Visual Studio Version 16
VisualStudioVersion = 16.0.28606.126
MinimumVisualStudioVersion = 10.0.40219.1
Project("{FAE04EC0-301F-11D3-BF4B-00C04F79EFBC}") = "Xam.Android.GeckoView", "Xam.Android.GeckoView\Xam.Android.GeckoView.csproj", "{2A89240B-DC5E-4F4B-B5EF-E23E2E74CBFF}"
EndProject
Project("{FAE04EC0-301F-11D3-BF4B-00C04F79EFBC}") = "Xam.Android.GeckoView.Bindings", "Xam.Android.GeckoView.Bindings\Xam.Android.GeckoView.Bindings.csproj", "{58AC9ABC-9CA1-4505-8244-583F488949D8}"
EndProject
Global
	GlobalSection(SolutionConfigurationPlatforms) = preSolution
		Debug|Any CPU = Debug|Any CPU
		Release|Any CPU = Release|Any CPU
	EndGlobalSection
	GlobalSection(ProjectConfigurationPlatforms) = postSolution
		{2A89240B-DC5E-4F4B-B5EF-E23E2E74CBFF}.Debug|Any CPU.ActiveCfg = Debug|Any CPU
		{2A89240B-DC5E-4F4B-B5EF-E23E2E74CBFF}.Debug|Any CPU.Build.0 = Debug|Any CPU
		{2A89240B-DC5E-4F4B-B5EF-E23E2E74CBFF}.Debug|Any CPU.Deploy.0 = Debug|Any CPU
		{2A89240B-DC5E-4F4B-B5EF-E23E2E74CBFF}.Release|Any CPU.ActiveCfg = Release|Any CPU
		{2A89240B-DC5E-4F4B-B5EF-E23E2E74CBFF}.Release|Any CPU.Build.0 = Release|Any CPU
		{2A89240B-DC5E-4F4B-B5EF-E23E2E74CBFF}.Release|Any CPU.Deploy.0 = Release|Any CPU
		{58AC9ABC-9CA1-4505-8244-583F488949D8}.Debug|Any CPU.ActiveCfg = Debug|Any CPU
		{58AC9ABC-9CA1-4505-8244-583F488949D8}.Debug|Any CPU.Build.0 = Debug|Any CPU
		{58AC9ABC-9CA1-4505-8244-583F488949D8}.Release|Any CPU.ActiveCfg = Release|Any CPU
		{58AC9ABC-9CA1-4505-8244-583F488949D8}.Release|Any CPU.Build.0 = Release|Any CPU
	EndGlobalSection
	GlobalSection(SolutionProperties) = preSolution
		HideSolutionNode = FALSE
	EndGlobalSection
	GlobalSection(ExtensibilityGlobals) = postSolution
		SolutionGuid = {24A37E94-A0EB-4C2C-A3F7-8FDFBC948F2D}
	EndGlobalSection
EndGlobal
